%{
  "bandit": {:hex, :bandit, "1.12.5", "af205a8e550f304caae09a97d29fd3c79a7f337526ea7cd772d2ff11d2f7c800", [:mix], [{:hpax, "~> 1.0", [hex: :hpax, repo: "hexpm", optional: false]}, {:plug, "~> 1.18", [hex: :plug, repo: "hexpm", optional: false]}, {:telemetry, "~> 0.4 or ~> 1.0", [hex: :telemetry, repo: "hexpm", optional: false]}, {:thousand_island, "~> 1.5", [hex: :thousand_island, repo: "hexpm", optional: false]}, {:websock, "~> 0.5", [hex: :websock, repo: "hexpm", optional: false]}], "hexpm", "c5684ca062fa407cac115aec3256383f3e2ec9fdced7904d59cf5a7bb7ed6181"},
  "castore": {:hex, :castore, "1.0.21", "0a0e8330dc267a40a3b7ad86d39302764bb71758172904e6a59d5ad6443ce307", [:mix], [], "hexpm", "e42e22723e25dbd46876d056a03f685513d6e98f6b5e555dc551321decd76c5c"},
  "cc_precompiler": {:hex, :cc_precompiler, "0.1.11", "8c844d0b9fb98a3edea067f94f616b3f6b29b959b6b3bf25fee94ffe34364768", [:mix], [{:elixir_make, "~> 0.7", [hex: :elixir_make, repo: "hexpm", optional: false]}], "hexpm", "3427232caf0835f94680e5bcf082408a70b48ad68a5f5c0b02a3bea9f3a075b9"},
  "concord": {:hex, :concord, "3.0.6", "3f6f4d96a209315dfdd4cf88e4c4fd58d6ac80bb29555af9c3c8cfa02e2b69bb", [:mix], [{:db_connection, "~> 2.10", [hex: :db_connection, repo: "hexpm", optional: false]}, {:ex_doc, "~> 0.29", [hex: :ex_doc, repo: "hexpm", optional: false]}, {:ex_turso, "3.0.6", [hex: :ex_turso, repo: "hexpm", optional: false]}, {:jason, "~> 1.4", [hex: :jason, repo: "hexpm", optional: false]}, {:telemetry, "~> 1.0", [hex: :telemetry, repo: "hexpm", optional: false]}, {:telemetry_poller, "~> 1.0", [hex: :telemetry_poller, repo: "hexpm", optional: false]}, {:viewstamped_replication, "3.0.6", [hex: :viewstamped_replication, repo: "hexpm", optional: false]}], "hexpm", "9f3bd56e633ee9b0a58e9d2817c1202cb04b597d5e2cfa79fae58ee8cfbfa0ae"},
  "db_connection": {:hex, :db_connection, "2.10.2", "ae391e803a5adff104da913c2fc1c0c14a37f8b10001dcef568796e1fb7bf95c", [:mix], [{:telemetry, "~> 0.4 or ~> 1.0", [hex: :telemetry, repo: "hexpm", optional: false]}], "hexpm", "510b14482330f1af6490a2fa0efd8d4f1435d1529b165647df22ac0f2df0fa93"},
  "dns_cluster": {:hex, :dns_cluster, "0.3.1", "b4e707e4ddaf0d3f13580ee7dc4ab0e685f7f7f5bbe90e84535524bc12d1cf3e", [:mix], [], "hexpm", "afa60bbbd84463e977eeeecc0c564d8c5ddea260beccdb8d5f45cbb860846627"},
  "dotenvy": {:hex, :dotenvy, "1.2.1", "43b28d17c996d70ac09f6a6dfd2245378b346ed7290c36452b46cdca77cd96bc", [:mix], [], "hexpm", "20cf780119be89a7cae7808543ebc8b7e56f0993b6aa058260fab686afe9073d"},
  "duskmoon_bundler": {:hex, :duskmoon_bundler, "9.16.7", "ade00e88bb668442ac2d41de112104aca697d86ec42f51a147e26f5af0bdd233", [:mix], [{:dotenvy, "~> 1.1", [hex: :dotenvy, repo: "hexpm", optional: false]}, {:duskmoon_bundler_runtime, "~> 9.16.7", [hex: :duskmoon_bundler_runtime, repo: "hexpm", optional: false]}, {:duskmoon_npm, "~> 9.16.7", [hex: :duskmoon_npm, repo: "hexpm", optional: false]}, {:duskmoon_oxc, "~> 9.16.7", [hex: :duskmoon_oxc, repo: "hexpm", optional: false]}, {:duskmoon_oxide, "~> 9.16.7", [hex: :duskmoon_oxide, repo: "hexpm", optional: false]}, {:duskmoon_quickbeam, "~> 9.16.7", [hex: :duskmoon_quickbeam, repo: "hexpm", optional: false]}, {:duskmoon_vize, "~> 9.16.7", [hex: :duskmoon_vize, repo: "hexpm", optional: false]}, {:file_system, "~> 1.0", [hex: :file_system, repo: "hexpm", optional: false]}, {:glob_ex, "~> 0.1", [hex: :glob_ex, repo: "hexpm", optional: false]}, {:igniter, "~> 0.5", [hex: :igniter, repo: "hexpm", optional: true]}, {:jason, "~> 1.4", [hex: :jason, repo: "hexpm", optional: false]}, {:json_codec, "~> 0.2", [hex: :json_codec, repo: "hexpm", optional: false]}, {:lazy_html, "~> 0.1.0", [hex: :lazy_html, repo: "hexpm", optional: false]}, {:mint, "~> 1.9", [hex: :mint, repo: "hexpm", optional: false]}, {:mint_web_socket, "~> 1.0", [hex: :mint_web_socket, repo: "hexpm", optional: false]}, {:plug, "~> 1.16", [hex: :plug, repo: "hexpm", optional: false]}, {:rustler, "~> 0.36", [hex: :rustler, repo: "hexpm", optional: true]}, {:websock_adapter, "~> 0.5", [hex: :websock_adapter, repo: "hexpm", optional: false]}], "hexpm", "c9b41d26caeccf4d8f8bd6b749084d3b198470603953199d7ecfb32f52115df5"},
  "duskmoon_bundler_runtime": {:hex, :duskmoon_bundler_runtime, "9.16.7", "e5eac22d7f67c4d4dca4b8367b3b3b7037caa98eb4e59ede4845f9ff0dc7bec4", [:mix], [], "hexpm", "204f91c6daf9304b7059b2b042452c7140ceb8b86b2e474686845584e67965ac"},
  "duskmoon_hex_solver": {:hex, :duskmoon_hex_solver, "9.16.7", "8cc169703e1fb806065b27b8b9120832e7380e6fb06f4a911d046d4d96616ea5", [:mix], [], "hexpm", "7f56a234406f79f702cff84e278c6b48255c93416e544e91e07e3ad1d9ee8725"},
  "duskmoon_npm": {:hex, :duskmoon_npm, "9.16.7", "0f0c66c1d3d6e9f2685c6fca6d78c7aca890d36df94292574d236c4d76615842", [:mix], [{:duskmoon_hex_solver, "~> 9.16.7", [hex: :duskmoon_hex_solver, repo: "hexpm", optional: false]}, {:http_fetch, "~> 0.17.1", [hex: :http_fetch, repo: "hexpm", optional: false]}, {:jason, "~> 1.4", [hex: :jason, repo: "hexpm", optional: false]}, {:nimble_parsec, "~> 1.0", [hex: :nimble_parsec, repo: "hexpm", optional: false]}], "hexpm", "e616a97ca9a9aeda41dcf0fe681f3c9845eea2aa9d8ab1a1a895c5207d965918"},
  "duskmoon_oxc": {:hex, :duskmoon_oxc, "9.16.7", "f63daadf5e03a9dba64fc2fbd13a07f97db147c105ed02ed84abbb4cfd89fb35", [:mix], [{:jason, "~> 1.4", [hex: :jason, repo: "hexpm", optional: false]}, {:rustler, "~> 0.38", [hex: :rustler, repo: "hexpm", optional: false]}, {:rustler_precompiled, "~> 0.8", [hex: :rustler_precompiled, repo: "hexpm", optional: false]}], "hexpm", "352700b52978b50a26d6d678e17d9be1ac766925b3ee2a4cb03ae040e43e7ad0"},
  "duskmoon_oxide": {:hex, :duskmoon_oxide, "9.16.7", "77879b6a8480aaa7f71588bab6af2779661a1091a5b123ae877c952c71c6e0b3", [:mix], [{:rustler, "~> 0.38", [hex: :rustler, repo: "hexpm", optional: false]}, {:rustler_precompiled, "~> 0.8", [hex: :rustler_precompiled, repo: "hexpm", optional: false]}], "hexpm", "981b3cf844a99e1f6d2ab6133cf2dbb74879a18ac2ec6afc4504406044b7ffce"},
  "duskmoon_quickbeam": {:hex, :duskmoon_quickbeam, "9.16.7", "d96c66d09eea11e297f662d580b51350c1ee99bf78216b31f875fd4fc4c5bc28", [:mix], [{:duskmoon_npm, "~> 9.16.7", [hex: :duskmoon_npm, repo: "hexpm", optional: true]}, {:duskmoon_oxc, "~> 9.16.7", [hex: :duskmoon_oxc, repo: "hexpm", optional: false]}, {:http_event_source, "~> 0.17.1", [hex: :http_event_source, repo: "hexpm", optional: false]}, {:http_fetch, "~> 0.17.1", [hex: :http_fetch, repo: "hexpm", optional: false]}, {:http_web_socket, "~> 0.17.1", [hex: :http_web_socket, repo: "hexpm", optional: false]}, {:jason, "~> 1.4", [hex: :jason, repo: "hexpm", optional: false]}, {:nimble_pool, "~> 1.1", [hex: :nimble_pool, repo: "hexpm", optional: false]}, {:rustler, "~> 0.36", [hex: :rustler, repo: "hexpm", optional: true]}, {:zigler, "~> 0.16.0", [hex: :zigler, repo: "hexpm", optional: true]}, {:zigler_precompiled, "~> 0.1.4", [hex: :zigler_precompiled, repo: "hexpm", optional: false]}], "hexpm", "3cf2e3007946b5970f33fa799c9ed64dd60a38d67691a0c3935565633b5c87d4"},
  "duskmoon_vize": {:hex, :duskmoon_vize, "9.16.7", "ff6ca14b27b498a612fd7c1ed3f8b85c5a9ca10a9a2211050ef8f3d73fb5a416", [:mix], [{:rustler, "~> 0.38", [hex: :rustler, repo: "hexpm", optional: false]}, {:rustler_precompiled, "~> 0.8", [hex: :rustler_precompiled, repo: "hexpm", optional: false]}], "hexpm", "bb258f29ef1ce131df43a66f863966a75322e68d1ae65db7417330235995b554"},
  "earmark_parser": {:hex, :earmark_parser, "1.4.46", "67607a0532e810c6f630a515c548d0b24949643f168cc556303bee4cf96105c7", [:mix], [], "hexpm", "9c44636e8a1c68c62f526b2dcd85d941dbbcee7ab82cf64ba06ce28bef8e89f5"},
  "elixir_make": {:hex, :elixir_make, "0.10.0", "16577e2583a79bb79237bbff349619ef5d80afffc07eac6e4faf0d00e2ddaf7d", [:mix], [], "hexpm", "dc1f09fb7fa68866b886abd5f0f3c83553b1a19a52359a899e92af1bb3b31982"},
  "elixir_quic": {:hex, :elixir_quic, "0.17.2", "5f25a1037e90c63624390084dd9d7cb865c90250c98cfa23d1d7e5ffbd89c2a0", [:mix], [{:ex_ssl, "0.17.2", [hex: :ex_ssl, repo: "hexpm", optional: false]}], "hexpm", "ccf9453caf6962bb993c134d908ac1824b82a67428651004d99a58a3f36cdbf6"},
  "elixir_quic_http3": {:hex, :elixir_quic_http3, "0.17.2", "a2446083a8a5f0ba6a005aedac4fb9b1c5e057faf1911a49bb432d918292af68", [:mix], [{:elixir_quic, "0.17.2", [hex: :elixir_quic, repo: "hexpm", optional: false]}, {:http_core, "0.17.2", [hex: :http_core, repo: "hexpm", optional: false]}], "hexpm", "b1a9cecab1800ddc47e247e03f7b2012c7f4f9ebdf50698e7218cb56a345474d"},
  "ex_doc": {:hex, :ex_doc, "0.40.4", "66f2e42bf588594d5a8aab31cad87f2ddad09d0da1b1a2f379340ec2c2e497cb", [:mix], [{:earmark_parser, "~> 1.4.46", [hex: :earmark_parser, repo: "hexpm", optional: false]}, {:makeup_c, ">= 0.1.0", [hex: :makeup_c, repo: "hexpm", optional: true]}, {:makeup_elixir, "~> 0.14 or ~> 1.0", [hex: :makeup_elixir, repo: "hexpm", optional: false]}, {:makeup_erlang, "~> 0.1 or ~> 1.0", [hex: :makeup_erlang, repo: "hexpm", optional: false]}, {:makeup_html, ">= 0.1.0", [hex: :makeup_html, repo: "hexpm", optional: true]}], "hexpm", "6222b9e423d76584ee34df2c82a5ed72c2d53dc153f7f483ad28b378694186cc"},
  "ex_ssl": {:hex, :ex_ssl, "0.17.2", "e7f0c7c860a3e2bde51898498a4ae79fff53f9116991fe2f91d9270fbafb4e18", [:mix], [], "hexpm", "5bda794935b742366afc95021b961978eb2f2960484a1bea33b1e3de998a39ce"},
  "ex_turso": {:hex, :ex_turso, "3.0.6", "6355c885c79619a68d02c2bf89279872af5053e73441c9736c801b8f08908662", [:mix], [{:db_connection, "~> 2.7", [hex: :db_connection, repo: "hexpm", optional: false]}, {:ecto_sql, "~> 3.14", [hex: :ecto_sql, repo: "hexpm", optional: true]}, {:jason, "~> 1.4", [hex: :jason, repo: "hexpm", optional: true]}, {:rustler, "~> 0.38", [hex: :rustler, repo: "hexpm", optional: false]}, {:rustler_precompiled, "~> 0.9", [hex: :rustler_precompiled, repo: "hexpm", optional: false]}], "hexpm", "1899c4ccaa634721faf4eb868826830950f542676e7289c79dde5c589adca6bb"},
  "file_system": {:hex, :file_system, "1.1.1", "31864f4685b0148f25bd3fbef2b1228457c0c89024ad67f7a81a3ffbc0bbad3a", [:mix], [], "hexpm", "7a15ff97dfe526aeefb090a7a9d3d03aa907e100e262a0f8f7746b78f8f87a5d"},
  "finch": {:hex, :finch, "0.24.0", "4022b6194e907b6d9b597c168001cac38e488a35fe36cef9d8297e3159782510", [:mix], [{:mime, "~> 1.0 or ~> 2.0", [hex: :mime, repo: "hexpm", optional: false]}, {:mint, "~> 1.8", [hex: :mint, repo: "hexpm", optional: false]}, {:nimble_options, "~> 0.4 or ~> 1.0", [hex: :nimble_options, repo: "hexpm", optional: false]}, {:nimble_pool, "~> 1.1", [hex: :nimble_pool, repo: "hexpm", optional: false]}, {:telemetry, "~> 0.4 or ~> 1.0", [hex: :telemetry, repo: "hexpm", optional: false]}], "hexpm", "33ba40069c3587c2f99f9125b766e19dad87d6d54be3c6961db2304df04cef00"},
  "fine": {:hex, :fine, "0.1.6", "4bf7151493443c454aac9f2fa2f34f5fefd0346a83fb5586a016c4a135c63247", [:mix], [], "hexpm", "5638eb4495488e885ebec167fa57973e5c35e1a50c344eb7666c90ec1c4e3b12"},
  "glob_ex": {:hex, :glob_ex, "0.1.12", "7b2d9369c20e2697efcfd185d13d6e84c94cd3bfd2730fbde613141c2e015c00", [:mix], [], "hexpm", "2e2fac83f113514434c7eaf267b4c38af2f91766f1cab2c5db7053b7fc1ee0bb"},
  "gsmlg_toml": {:hex, :gsmlg_toml, "1.0.0", "60dd2e27fd55084cc654f754d36e3f823d2c7ba05d9616096f75ca32492c8297", [:mix], [], "hexpm", "e21abe3f53735ca762bc100d0095fd0a4a5eb46848520a6ca55c8bb7bd75340e"},
  "hpax": {:hex, :hpax, "1.1.0", "782931867cc23217c68fb5f68fe1a11f5e7544c7fda82c8a7019a5df5a4a1cdf", [:mix], [], "hexpm", "0b8d0f05832f55571d65ac720f79bf8994138ffbb133209dc4685eae0ad456a8"},
  "http_core": {:hex, :http_core, "0.17.2", "ff8a10ddf2dade48691cd5a62d60c9faa4d5a76463b5db1972df11f7ef877340", [:mix], [{:elixir_quic, "0.17.2", [hex: :elixir_quic, repo: "hexpm", optional: false]}, {:ex_ssl, "0.17.2", [hex: :ex_ssl, repo: "hexpm", optional: false]}], "hexpm", "035fce58e9f70dc204f82ac9e07a78885242b3ea34ee680c919affc7bdc50d4f"},
  "http_event_source": {:hex, :http_event_source, "0.17.2", "828d935904f647a4172e6a37cdee973f42d4c9c3d2da75e0eb602a95a66b093a", [:mix], [{:http_core, "0.17.2", [hex: :http_core, repo: "hexpm", optional: false]}, {:http_runtime, "0.17.2", [hex: :http_runtime, repo: "hexpm", optional: false]}, {:telemetry, "~> 1.0", [hex: :telemetry, repo: "hexpm", optional: false]}], "hexpm", "9395848862268893f14329656ed2ecf386ee84488c19fa3efd8a8d09c295a3b3"},
  "http_fetch": {:hex, :http_fetch, "0.17.2", "1aa262194dfa6d7305e59d6c5e3d612806f4fcd9cf1f3129b8047b53b397bda7", [:mix], [{:http_core, "0.17.2", [hex: :http_core, repo: "hexpm", optional: false]}, {:http_runtime, "0.17.2", [hex: :http_runtime, repo: "hexpm", optional: false]}, {:telemetry, "~> 1.0", [hex: :telemetry, repo: "hexpm", optional: false]}], "hexpm", "3ccd6eb4e370169ed27e0de8e2da70592368fdd3fa5ac59e973f8a977923c25b"},
  "http_runtime": {:hex, :http_runtime, "0.17.2", "2f4c010ec2c00aac66e3a20abcf1140e12d7d30912d038c6a4be640283b0b9e9", [:mix], [{:elixir_quic_http3, "0.17.2", [hex: :elixir_quic_http3, repo: "hexpm", optional: false]}, {:http_core, "0.17.2", [hex: :http_core, repo: "hexpm", optional: false]}, {:telemetry, "~> 1.0", [hex: :telemetry, repo: "hexpm", optional: false]}], "hexpm", "60fe8596e0c9116285a07c9c2bade22e632efdae7c45669ce5e4c10f277393a2"},
  "http_web_socket": {:hex, :http_web_socket, "0.17.2", "9db32229357eb2b3b74932a381bf532b871fa73edcf72eed623c8a997ea76e72", [:mix], [{:http_core, "0.17.2", [hex: :http_core, repo: "hexpm", optional: false]}, {:http_runtime, "0.17.2", [hex: :http_runtime, repo: "hexpm", optional: false]}, {:telemetry, "~> 1.0", [hex: :telemetry, repo: "hexpm", optional: false]}], "hexpm", "c36bbc580e7b697aab108d578cbba721a09e909f8559ffd100f786db1d07f7a1"},
  "jason": {:hex, :jason, "1.4.5", "2e3a008590b0b8d7388c20293e9dcc9cf3e5d642fd2a114e4cbbb52e595d940a", [:mix], [{:decimal, "~> 1.0 or ~> 2.0 or ~> 3.0", [hex: :decimal, repo: "hexpm", optional: true]}], "hexpm", "b0c823996102bcd0239b3c2444eb00409b72f6a140c1950bc8b457d836b30684"},
  "json_codec": {:hex, :json_codec, "0.3.1", "81f738e212308c85344e11da00af6d8b52bd486224ee24c1f51b95df0604aeae", [:mix], [{:jason, "~> 1.4", [hex: :jason, repo: "hexpm", optional: true]}, {:json_spec, "~> 1.2", [hex: :json_spec, repo: "hexpm", optional: false]}], "hexpm", "dffea3198d3f1fe9a39aa176ab0d6988b8c80dd85a67e913b323d4ec7c57ca9d"},
  "json_spec": {:hex, :json_spec, "1.2.0", "c67f73cdc4166e955b2f1095d3f44dd78c197337038f1a5301fb526b6c87ab04", [:mix], [], "hexpm", "3639961babad7d6bc45f3a2d96a49c18ec70614761bb84ce58b64e9fad9354de"},
  "lazy_html": {:hex, :lazy_html, "0.1.13", "860ea816f5bc7936d1ab5ccebc388f9d1031ba9c35ed81a4db9a1c3a50737704", [:make, :mix], [{:cc_precompiler, "~> 0.1", [hex: :cc_precompiler, repo: "hexpm", optional: false]}, {:elixir_make, "~> 0.9", [hex: :elixir_make, repo: "hexpm", optional: false]}, {:fine, "~> 0.1.0", [hex: :fine, repo: "hexpm", optional: false]}], "hexpm", "9a8405d6785fe6f8423b86e0ec5f21806ef79941fe853eac3d14fbbb173c34e9"},
  "makeup": {:hex, :makeup, "1.2.3", "c3ef0ff83acf305384acba0f70bff87d8732502baa1eb3eb081d8c154fbe18f5", [:mix], [{:nimble_parsec, "~> 1.4", [hex: :nimble_parsec, repo: "hexpm", optional: false]}], "hexpm", "15970751b7021c2bcd7ed56a54b3def23affd3969fb7c214dffdf28e97ce6f76"},
  "makeup_elixir": {:hex, :makeup_elixir, "1.0.1", "e928a4f984e795e41e3abd27bfc09f51db16ab8ba1aebdba2b3a575437efafc2", [:mix], [{:makeup, "~> 1.0", [hex: :makeup, repo: "hexpm", optional: false]}, {:nimble_parsec, "~> 1.2.3 or ~> 1.3", [hex: :nimble_parsec, repo: "hexpm", optional: false]}], "hexpm", "7284900d412a3e5cfd97fdaed4f5ed389b8f2b4cb49efc0eb3bd10e2febf9507"},
  "makeup_erlang": {:hex, :makeup_erlang, "1.1.0", "835f7e60792e08824cda445639555d7bf1bbbddb1b60b306e33cb6f6db24dc74", [:mix], [{:makeup, "~> 1.0", [hex: :makeup, repo: "hexpm", optional: false]}], "hexpm", "1cd6780fb1dd1a03979abaed0fe82712b0625118fd5257d3ebbf73f960c73c3c"},
  "mdex": {:hex, :mdex, "0.14.2", "8d2b376f3de8f9f03a2ba0992eeb4f76d58fa790b0ed78dc90bcb5422ce7ff5d", [:mix], [{:jason, "~> 1.0", [hex: :jason, repo: "hexpm", optional: false]}, {:lumis, "~> 0.10", [hex: :lumis, repo: "hexpm", optional: true]}, {:mdex_native, ">= 0.2.11", [hex: :mdex_native, repo: "hexpm", optional: false]}, {:nimble_options, "~> 1.0", [hex: :nimble_options, repo: "hexpm", optional: false]}, {:nimble_parsec, "~> 1.0", [hex: :nimble_parsec, repo: "hexpm", optional: false]}, {:phoenix_live_view, "~> 0.20.0 or ~> 1.0", [hex: :phoenix_live_view, repo: "hexpm", optional: true]}], "hexpm", "7003e60b8621ab1c9b3671221a8dcc27dee9f9086026c25ea7aed4057d07978f"},
  "mdex_gfm": {:hex, :mdex_gfm, "0.2.0", "5e33a5b4ad45b0a132f6657ed625a48bc191ee0142c7f93e880e5c4472b1f2fb", [:mix], [{:mdex, ">= 0.9.0", [hex: :mdex, repo: "hexpm", optional: false]}], "hexpm", "b7bdccd090ebdcdd50cb9f3060e40d8098f9ea39a371044569911df9b1f567b3"},
  "mdex_mermaid": {:hex, :mdex_mermaid, "0.3.6", "1a22f8e55e59f54b36a95b45624ee130f2dd091412649da1d139a5853e949347", [:mix], [{:mdex, ">= 0.9.0", [hex: :mdex, repo: "hexpm", optional: false]}], "hexpm", "f9924a0342cc91da300a844b59cf5c0b047d8e3312b576c3f53b006524d31a7b"},
  "mdex_native": {:hex, :mdex_native, "0.2.11", "439f8448bd349611dccce197c8822fc1e2d63907e346f3a68527905bae91c6d7", [:mix], [{:rustler, "~> 0.32", [hex: :rustler, repo: "hexpm", optional: true]}, {:rustler_precompiled, "~> 0.8", [hex: :rustler_precompiled, repo: "hexpm", optional: false]}], "hexpm", "97e5c201fa016ad4dbd948a8014e314fc2d2e15a7fe88e73994ecfdd51a5dd08"},
  "mime": {:hex, :mime, "2.0.7", "b8d739037be7cd402aee1ba0306edfdef982687ee7e9859bee6198c1e7e2f128", [:mix], [], "hexpm", "6171188e399ee16023ffc5b76ce445eb6d9672e2e241d2df6050f3c771e80ccd"},
  "mint": {:hex, :mint, "1.11.0", "a713551624815c0435237b93d90ea8b9b14254690c66f732d0ef8930f76ff1d9", [:mix], [{:castore, "~> 0.1.0 or ~> 1.0", [hex: :castore, repo: "hexpm", optional: true]}, {:hpax, "~> 1.1", [hex: :hpax, repo: "hexpm", optional: false]}], "hexpm", "c6279ba2d6aa3a383a1d4cfbe7b59f42e6efd400f58d8e2acfeac48a438693ab"},
  "mint_web_socket": {:hex, :mint_web_socket, "1.0.6", "5ffcf350df5b90f2d7a04adf877165228804993714592512374218d4679e325a", [:mix], [{:mint, ">= 1.4.1 and < 2.0.0-0", [hex: :mint, repo: "hexpm", optional: false]}], "hexpm", "0c360e9012413f1c115a63532601eb5d63731aab7010949178769760686c1698"},
  "nimble_options": {:hex, :nimble_options, "1.1.1", "e3a492d54d85fc3fd7c5baf411d9d2852922f66e69476317787a7b2bb000a61b", [:mix], [], "hexpm", "821b2470ca9442c4b6984882fe9bb0389371b8ddec4d45a9504f00a66f650b44"},
  "nimble_parsec": {:hex, :nimble_parsec, "1.4.2", "8efba0122db06df95bfaa78f791344a89352ba04baedd3849593bfce4d0dc1c6", [:mix], [], "hexpm", "4b21398942dda052b403bbe1da991ccd03a053668d147d53fb8c4e0efe09c973"},
  "nimble_pool": {:hex, :nimble_pool, "1.1.0", "bf9c29fbdcba3564a8b800d1eeb5a3c58f36e1e11d7b7fb2e084a643f645f06b", [:mix], [], "hexpm", "af2e4e6b34197db81f7aad230c1118eac993acc0dae6bc83bac0126d4ae0813a"},
  "phoenix": {:hex, :phoenix, "1.8.15", "dcdb304113660ec97e1579458824d3c34b5d2eed07a0fdf25a836a9515b63146", [:mix], [{:bandit, "~> 1.0", [hex: :bandit, repo: "hexpm", optional: true]}, {:jason, "~> 1.0", [hex: :jason, repo: "hexpm", optional: true]}, {:phoenix_pubsub, "~> 2.1", [hex: :phoenix_pubsub, repo: "hexpm", optional: false]}, {:phoenix_template, "~> 1.0", [hex: :phoenix_template, repo: "hexpm", optional: false]}, {:phoenix_view, "~> 2.0", [hex: :phoenix_view, repo: "hexpm", optional: true]}, {:plug, "~> 1.14", [hex: :plug, repo: "hexpm", optional: false]}, {:plug_cowboy, "~> 2.7", [hex: :plug_cowboy, repo: "hexpm", optional: true]}, {:plug_crypto, "~> 2.2", [hex: :plug_crypto, repo: "hexpm", optional: false]}, {:telemetry, "~> 0.4 or ~> 1.0", [hex: :telemetry, repo: "hexpm", optional: false]}, {:websock_adapter, "~> 0.5", [hex: :websock_adapter, repo: "hexpm", optional: false]}], "hexpm", "7b83ed6b3d544f24a29277eab7f051be38b76f390bb511bb6ddb7ec6e8e05b95"},
  "phoenix_duskmoon": {:hex, :phoenix_duskmoon, "9.16.7", "afb400512ab996ab28262a9a8c065b809e5fc9c7428bd16b4906f8c0572836b1", [:mix], [{:jason, "~> 1.4", [hex: :jason, repo: "hexpm", optional: false]}, {:mdex, "~> 0.14", [hex: :mdex, repo: "hexpm", optional: false]}, {:mdex_gfm, "~> 0.2.0", [hex: :mdex_gfm, repo: "hexpm", optional: false]}, {:mdex_mermaid, "~> 0.3.6", [hex: :mdex_mermaid, repo: "hexpm", optional: false]}, {:phoenix, "~> 1.8", [hex: :phoenix, repo: "hexpm", optional: false]}, {:phoenix_html, "~> 4.0", [hex: :phoenix_html, repo: "hexpm", optional: false]}, {:phoenix_live_view, "~> 1.1", [hex: :phoenix_live_view, repo: "hexpm", optional: false]}, {:plug, "~> 1.19", [hex: :plug, repo: "hexpm", optional: true]}], "hexpm", "7b2826636f98b24c74e5f6d5c1ed0dc2a609a109d5ccc4695fe014b780adb9f6"},
  "phoenix_html": {:hex, :phoenix_html, "4.3.0", "d3577a5df4b6954cd7890c84d955c470b5310bb49647f0a114a6eeecc850f7ad", [:mix], [], "hexpm", "3eaa290a78bab0f075f791a46a981bbe769d94bc776869f4f3063a14f30497ad"},
  "phoenix_live_dashboard": {:hex, :phoenix_live_dashboard, "0.9.1", "d4786b24bbe1eacc431049dbbb8d377f5359fce57b9d7cdd773bba4ac0af2ef6", [:mix], [{:ecto, "~> 3.6.2 or ~> 3.7", [hex: :ecto, repo: "hexpm", optional: true]}, {:ecto_mysql_extras, "~> 0.5", [hex: :ecto_mysql_extras, repo: "hexpm", optional: true]}, {:ecto_psql_extras, "~> 0.7", [hex: :ecto_psql_extras, repo: "hexpm", optional: true]}, {:ecto_sqlite3_extras, "~> 1.1.7 or ~> 1.2.0", [hex: :ecto_sqlite3_extras, repo: "hexpm", optional: true]}, {:mime, "~> 1.6 or ~> 2.0", [hex: :mime, repo: "hexpm", optional: false]}, {:phoenix_live_view, "~> 1.0", [hex: :phoenix_live_view, repo: "hexpm", optional: false]}, {:telemetry_metrics, "~> 0.6 or ~> 1.0", [hex: :telemetry_metrics, repo: "hexpm", optional: false]}], "hexpm", "de25e1a28cfb64413d8bdaf3ba5b64da1a19e0ed44a02320119523cc45da051d"},
  "phoenix_live_reload": {:hex, :phoenix_live_reload, "1.7.0", "fb1e429f6d8778ce3a6962debdc5e555428a05a6e7b058d6dbad13d281a2c31f", [:mix], [{:file_system, "~> 0.2.10 or ~> 1.0", [hex: :file_system, repo: "hexpm", optional: false]}, {:phoenix, "~> 1.4", [hex: :phoenix, repo: "hexpm", optional: false]}], "hexpm", "dc9f44271aa6fc4ab7797f2aa374ba096ef2c87520586280eb095626b7387a68"},
  "phoenix_live_view": {:hex, :phoenix_live_view, "1.2.12", "35848150bbab579e9d0aff79525269d7c0801a4f61232b84f635c11222cee88f", [:mix], [{:igniter, ">= 0.6.16 and < 1.0.0-0", [hex: :igniter, repo: "hexpm", optional: true]}, {:jason, "~> 1.0", [hex: :jason, repo: "hexpm", optional: true]}, {:lazy_html, "~> 0.1.0", [hex: :lazy_html, repo: "hexpm", optional: true]}, {:phoenix, "~> 1.6.15 or ~> 1.7.0 or ~> 1.8.0", [hex: :phoenix, repo: "hexpm", optional: false]}, {:phoenix_html, "~> 3.3 or ~> 4.0", [hex: :phoenix_html, repo: "hexpm", optional: false]}, {:phoenix_template, "~> 1.0", [hex: :phoenix_template, repo: "hexpm", optional: false]}, {:phoenix_view, "~> 2.0", [hex: :phoenix_view, repo: "hexpm", optional: true]}, {:plug, "~> 1.15", [hex: :plug, repo: "hexpm", optional: false]}, {:telemetry, "~> 0.4.2 or ~> 1.0", [hex: :telemetry, repo: "hexpm", optional: false]}], "hexpm", "656810d716e3369545dd63981196a5d68b77fdb253afe02ef0c6fa14cfd8dc2b"},
  "phoenix_pubsub": {:hex, :phoenix_pubsub, "2.4.1", "2ff3e7ba8b432120989870997b9adaefb76e1f63805554ab0b9e948987981f4b", [:mix], [], "hexpm", "352fba7a87bf61395b6e97da66944ad9b1bfe5459e5981039f60d68270bd9700"},
  "phoenix_template": {:hex, :phoenix_template, "1.1.0", "b329582281b1e00e4dc664afd60ef5b489cbb356923caa3b1e00abe8651b9a18", [:mix], [{:phoenix_html, "~> 2.14.2 or ~> 3.0 or ~> 4.0", [hex: :phoenix_html, repo: "hexpm", optional: true]}], "hexpm", "eba70070de79b2c3501ef205a74a69f98ab352f3785aa15da9ed161f9fe0fd5d"},
  "plug": {:hex, :plug, "1.20.3", "56c480c633ec2ce10140e236e15233bf576e1d323887d7c96711bd02ab5160db", [:mix], [{:mime, "~> 1.0 or ~> 2.0", [hex: :mime, repo: "hexpm", optional: false]}, {:plug_crypto, "~> 1.1.1 or ~> 1.2 or ~> 2.0", [hex: :plug_crypto, repo: "hexpm", optional: false]}, {:telemetry, "~> 0.4.3 or ~> 1.0", [hex: :telemetry, repo: "hexpm", optional: false]}], "hexpm", "be266aee1b8536ef6409d58cf39a3121319f0ec47cfa1b24024485aa0e76ad76"},
  "plug_crypto": {:hex, :plug_crypto, "2.2.0", "144014737daaf485407f5ed77daeaad74d651b216a28c87543f8cc7043f8efc8", [:mix], [], "hexpm", "83a95744ab1c75876542b6fab135fcc176280e0f301a111c1f757fddcec95d2c"},
  "req": {:hex, :req, "0.7.5", "0c3293cbf7717aba20b1b1b3ea13fe8d3fdf6f1557490f390c3f1ef6dd9db955", [:mix], [{:brotli, "~> 0.3.1", [hex: :brotli, repo: "hexpm", optional: true]}, {:finch, "~> 0.21", [hex: :finch, repo: "hexpm", optional: false]}, {:jason, "~> 1.0", [hex: :jason, repo: "hexpm", optional: false]}, {:mime, "~> 2.0.6 or ~> 2.1", [hex: :mime, repo: "hexpm", optional: false]}, {:nimble_csv, "~> 1.0", [hex: :nimble_csv, repo: "hexpm", optional: true]}, {:plug, "~> 1.0", [hex: :plug, repo: "hexpm", optional: true]}], "hexpm", "576853c4bf403faa3c1fa5d093e0759227083b78f8a6864c67d62c0a9c45514d"},
  "rustler": {:hex, :rustler, "0.38.0", "7a8906998ff0d28e3021c0a73264abcda719bda344b2e58307c6805b0f87c9b4", [:mix], [{:jason, "~> 1.0", [hex: :jason, repo: "hexpm", optional: false]}], "hexpm", "704c03c1bf66be12b031c5a389347b91c81c5cb819a24b068b0de36fe4a5652a"},
  "rustler_precompiled": {:hex, :rustler_precompiled, "0.10.0", "8f07ff0865cb09a6a0f75e11701e9a46e331e05f737da4e5b01374dcd25b68c0", [:mix], [{:rustler, "~> 0.28", [hex: :rustler, repo: "hexpm", optional: true]}], "hexpm", "c68c9dc732c12acfdf4a7fa06f4e6f48a641179e6be49a474c8a60809929c430"},
  "telemetry": {:hex, :telemetry, "1.4.2", "a0cb522801dffb1c49fe6e30561badffc7b6d0e180db1300df759faa22062855", [:rebar3], [], "hexpm", "928f6495066506077862c0d1646609eed891a4326bee3126ba54b60af61febb1"},
  "telemetry_metrics": {:hex, :telemetry_metrics, "1.2.0", "7632c19c01d88d8aaca5da1a0e8912f5af39b79e7c08a2c253aeb3c14c2c957e", [:mix], [{:telemetry, "~> 0.4 or ~> 1.0", [hex: :telemetry, repo: "hexpm", optional: false]}], "hexpm", "71dde12fc29b58b9c77ec17ec319109e5ca848d010fc1965ed4463bba1837c07"},
  "telemetry_poller": {:hex, :telemetry_poller, "1.3.0", "d5c46420126b5ac2d72bc6580fb4f537d35e851cc0f8dbd571acf6d6e10f5ec7", [:rebar3], [{:telemetry, "~> 1.0", [hex: :telemetry, repo: "hexpm", optional: false]}], "hexpm", "51f18bed7128544a50f75897db9974436ea9bfba560420b646af27a9a9b35211"},
  "thousand_island": {:hex, :thousand_island, "1.5.0", "f50a213cac97262b6d5ebb85745aa2c00fec1413191e6e66834788d45425cecb", [:mix], [{:telemetry, "~> 0.4 or ~> 1.0", [hex: :telemetry, repo: "hexpm", optional: false]}], "hexpm", "708923d40523e43cf99041ab37a0d4b0ec426ac6438fa3716ab23d919eaeb412"},
  "viewstamped_replication": {:hex, :viewstamped_replication, "3.0.6", "c7084dd82b5baafa271792062ce2b6f2865d25a60d3124cb801cc77f00aaf80f", [:mix], [{:telemetry, "~> 1.0", [hex: :telemetry, repo: "hexpm", optional: false]}], "hexpm", "6806af8b44ff77b0852ee1786f53f6baa1419f8bf9db62b8daf614bd673a4f90"},
  "websock": {:hex, :websock, "0.5.3", "2f69a6ebe810328555b6fe5c831a851f485e303a7c8ce6c5f675abeb20ebdadc", [:mix], [], "hexpm", "6105453d7fac22c712ad66fab1d45abdf049868f253cf719b625151460b8b453"},
  "websock_adapter": {:hex, :websock_adapter, "0.6.0", "73db5ab8aaefd1a876a97ce3e6afc96562625de69ef17a4e04426e034849d0b8", [:mix], [{:bandit, ">= 0.6.0", [hex: :bandit, repo: "hexpm", optional: true]}, {:plug, "~> 1.14", [hex: :plug, repo: "hexpm", optional: false]}, {:plug_cowboy, "~> 2.6", [hex: :plug_cowboy, repo: "hexpm", optional: true]}, {:websock, "~> 0.5", [hex: :websock, repo: "hexpm", optional: false]}], "hexpm", "50021a85bce8f203b086705d9e0c5415e2c7eb05d319111b0428fe71f9934617"},
  "zigler_precompiled": {:hex, :zigler_precompiled, "0.1.6", "1c5c889ff30164eb340e599ae987b6c51c3ba0654117ec7a68a6b83d4df39310", [:mix], [{:castore, "~> 0.1 or ~> 1.0", [hex: :castore, repo: "hexpm", optional: false]}, {:zigler, "~> 0.13", [hex: :zigler, repo: "hexpm", optional: true]}], "hexpm", "5754d342533b2fb8e767c0ef216ee13c928e17f317cac7d6a01a0972ba68ce4a"},
}
