{
  "name": "ex_storage_service_assets",
  "lockfileVersion": 3,
  "requires": true,
  "packages": {
    "": {
      "name": "ex_storage_service_assets",
      "dependencies": {
        "@duskmoon-dev/core": "^1.18.0"
      }
    },
    "node_modules/@duskmoon-dev/core": {
      "version": "1.19.1",
      "resolved": "https://registry.npmjs.org/@duskmoon-dev/core/-/core-1.19.1.tgz",
      "integrity": "sha512-x1Q9MLvOUa++R6RWUrhNsN6mZS2jZOeb00WrlbWGL4cwpdPb9RpWKixo7K3WhRcKm1SJijji3Jkv5aGdYt89hg==",
      "license": "MIT",
      "engines": {
        "bun": ">=1.0.0",
        "node": ">=18.0.0"
      },
      "peerDependencies": {
        "tailwindcss": "^4.0.0"
      }
    },
    "node_modules/tailwindcss": {
      "version": "4.3.3",
      "resolved": "https://registry.npmjs.org/tailwindcss/-/tailwindcss-4.3.3.tgz",
      "integrity": "sha512-gOhV3P7ufE62QDGg1zVaTgCR+EtPv92k2nIhVcVKcLmxT1sUBsQGhnZj175j+MqRt4zLF7ic+sCYjfhxMxj7YQ==",
      "license": "MIT",
      "peer": true
    }
  }
}
